// !$*UTF8*$!
{
	archiveVersion = 1;
	classes = {
	};
	objectVersion = 46;
	objects = {

/* Begin PBXBuildFile section */
		1A9BC8C2144C9C0300F00E7C /* UIKit.framework in Frameworks */ = {isa = PBXBuildFile; fileRef = 1A9BC8C1144C9C0300F00E7C /* UIKit.framework */; };
		1A9BC8C4144C9C0300F00E7C /* Foundation.framework in Frameworks */ = {isa = PBXBuildFile; fileRef = 1A9BC8C3144C9C0300F00E7C /* Foundation.framework */; };
		1A9BC8C6144C9C0300F00E7C /* CoreGraphics.framework in Frameworks */ = {isa = PBXBuildFile; fileRef = 1A9BC8C5144C9C0300F00E7C /* CoreGraphics.framework */; };
		1A9BC8CC144C9C0300F00E7C /* InfoPlist.strings in Resources */ = {isa = PBXBuildFile; fileRef = 1A9BC8CA144C9C0300F00E7C /* InfoPlist.strings */; };
		1A9BC8CE144C9C0300F00E7C /* main.m in Sources */ = {isa = PBXBuildFile; fileRef = 1A9BC8CD144C9C0300F00E7C /* main.m */; };
		1A9BC8D2144C9C0300F00E7C /* PBIAppDelegate.m in Sources */ = {isa = PBXBuildFile; fileRef = 1A9BC8D1144C9C0300F00E7C /* PBIAppDelegate.m */; };
		1A9BC8D5144C9C0300F00E7C /* MainStoryboard_iPhone.storyboard in Resources */ = {isa = PBXBuildFile; fileRef = 1A9BC8D3144C9C0300F00E7C /* MainStoryboard_iPhone.storyboard */; };
		1A9BC8D8144C9C0300F00E7C /* MainStoryboard_iPad.storyboard in Resources */ = {isa = PBXBuildFile; fileRef = 1A9BC8D6144C9C0300F00E7C /* MainStoryboard_iPad.storyboard */; };
		1A9BC8DB144C9C0300F00E7C /* PBIFirstViewController.m in Sources */ = {isa = PBXBuildFile; fileRef = 1A9BC8DA144C9C0300F00E7C /* PBIFirstViewController.m */; };
		1A9BC8DD144C9C0300F00E7C /* first.png in Resources */ = {isa = PBXBuildFile; fileRef = 1A9BC8DC144C9C0300F00E7C /* first.png */; };
		1A9BC8DF144C9C0300F00E7C /* first@2x.png in Resources */ = {isa = PBXBuildFile; fileRef = 1A9BC8DE144C9C0300F00E7C /* first@2x.png */; };
		1A9BC8E2144C9C0300F00E7C /* PBISecondViewController.m in Sources */ = {isa = PBXBuildFile; fileRef = 1A9BC8E1144C9C0300F00E7C /* PBISecondViewController.m */; };
		1A9BC8E4144C9C0300F00E7C /* second.png in Resources */ = {isa = PBXBuildFile; fileRef = 1A9BC8E3144C9C0300F00E7C /* second.png */; };
		1A9BC8E6144C9C0300F00E7C /* second@2x.png in Resources */ = {isa = PBXBuildFile; fileRef = 1A9BC8E5144C9C0300F00E7C /* second@2x.png */; };
/* End PBXBuildFile section */

/* Begin PBXFileReference section */
		1A9BC8BD144C9C0300F00E7C /* iOrganizeMyLife.app */ = {isa = PBXFileReference; explicitFileType = wrapper.application; includeInIndex = 0; path = iOrganizeMyLife.app; sourceTree = BUILT_PRODUCTS_DIR; };
		1A9BC8C1144C9C0300F00E7C /* UIKit.framework */ = {isa = PBXFileReference; lastKnownFileType = wrapper.framework; name = UIKit.framework; path = System/Library/Frameworks/UIKit.framework; sourceTree = SDKROOT; };
		1A9BC8C3144C9C0300F00E7C /* Foundation.framework */ = {isa = PBXFileReference; lastKnownFileType = wrapper.framework; name = Foundation.framework; path = System/Library/Frameworks/Foundation.framework; sourceTree = SDKROOT; };
		1A9BC8C5144C9C0300F00E7C /* CoreGraphics.framework */ = {isa = PBXFileReference; lastKnownFileType = wrapper.framework; name = CoreGraphics.framework; path = System/Library/Frameworks/CoreGraphics.framework; sourceTree = SDKROOT; };
		1A9BC8C9144C9C0300F00E7C /* iOrganizeMyLife-Info.plist */ = {isa = PBXFileReference; path = "iOrganizeMyLife-Info.plist"; sourceTree = "<group>"; };
		1A9BC8CB144C9C0300F00E7C /* en */ = {isa = PBXFileReference; lastKnownFileType = text.plist.strings; name = en; path = en.lproj/InfoPlist.strings; sourceTree = "<group>"; };
		1A9BC8CD144C9C0300F00E7C /* main.m */ = {isa = PBXFileReference; lastKnownFileType = sourcecode.c.objc; path = main.m; sourceTree = "<group>"; };
		1A9BC8CF144C9C0300F00E7C /* iOrganizeMyLife-Prefix.pch */ = {isa = PBXFileReference; path = "iOrganizeMyLife-Prefix.pch"; sourceTree = "<group>"; };
		1A9BC8D0144C9C0300F00E7C /* PBIAppDelegate.h */ = {isa = PBXFileReference; path = PBIAppDelegate.h; sourceTree = "<group>"; };
		1A9BC8D1144C9C0300F00E7C /* PBIAppDelegate.m */ = {isa = PBXFileReference; lastKnownFileType = sourcecode.c.objc; path = PBIAppDelegate.m; sourceTree = "<group>"; };
		1A9BC8D4144C9C0300F00E7C /* en */ = {isa = PBXFileReference; lastKnownFileType = file.storyboard; name = en; path = en.lproj/MainStoryboard_iPhone.storyboard; sourceTree = "<group>"; };
		1A9BC8D7144C9C0300F00E7C /* en */ = {isa = PBXFileReference; lastKnownFileType = file.storyboard; name = en; path = en.lproj/MainStoryboard_iPad.storyboard; sourceTree = "<group>"; };
		1A9BC8D9144C9C0300F00E7C /* PBIFirstViewController.h */ = {isa = PBXFileReference; path = PBIFirstViewController.h; sourceTree = "<group>"; };
		1A9BC8DA144C9C0300F00E7C /* PBIFirstViewController.m */ = {isa = PBXFileReference; lastKnownFileType = sourcecode.c.objc; path = PBIFirstViewController.m; sourceTree = "<group>"; };
		1A9BC8DC144C9C0300F00E7C /* first.png */ = {isa = PBXFileReference; lastKnownFileType = image.png; path = first.png; sourceTree = "<group>"; };
		1A9BC8DE144C9C0300F00E7C /* first@2x.png */ = {isa = PBXFileReference; lastKnownFileType = image.png; path = "first@2x.png"; sourceTree = "<group>"; };
		1A9BC8E0144C9C0300F00E7C /* PBISecondViewController.h */ = {isa = PBXFileReference; path = PBISecondViewController.h; sourceTree = "<group>"; };
		1A9BC8E1144C9C0300F00E7C /* PBISecondViewController.m */ = {isa = PBXFileReference; lastKnownFileType = sourcecode.c.objc; path = PBISecondViewController.m; sourceTree = "<group>"; };
		1A9BC8E3144C9C0300F00E7C /* second.png */ = {isa = PBXFileReference; lastKnownFileType = image.png; path = second.png; sourceTree = "<group>"; };
		1A9BC8E5144C9C0300F00E7C /* second@2x.png */ = {isa = PBXFileReference; lastKnownFileType = image.png; path = "second@2x.png"; sourceTree = "<group>"; };
/* End PBXFileReference section */

/* Begin PBXFrameworksBuildPhase section */
		1A9BC8BA144C9C0300F00E7C /* Frameworks */ = {
			isa = PBXFrameworksBuildPhase;
			buildActionMask = 2147483647;
			files = (
				1A9BC8C2144C9C0300F00E7C /* UIKit.framework in Frameworks */,
				1A9BC8C4144C9C0300F00E7C /* Foundation.framework in Frameworks */,
				1A9BC8C6144C9C0300F00E7C /* CoreGraphics.framework in Frameworks */,
			);
			runOnlyForDeploymentPostprocessing = 0;
		};
/* End PBXFrameworksBuildPhase section */

/* Begin PBXGroup section */
		1A9BC8B2144C9C0300F00E7C = {
			isa = PBXGroup;
			children = (
				1A9BC8C7144C9C0300F00E7C /* iOrganizeMyLife */,
				1A9BC8C0144C9C0300F00E7C /* Frameworks */,
				1A9BC8BE144C9C0300F00E7C /* Products */,
			);
			sourceTree = "<group>";
		};
		1A9BC8BE144C9C0300F00E7C /* Products */ = {
			isa = PBXGroup;
			children = (
				1A9BC8BD144C9C0300F00E7C /* iOrganizeMyLife.app */,
			);
			name = Products;
			sourceTree = "<group>";
		};
		1A9BC8C0144C9C0300F00E7C /* Frameworks */ = {
			isa = PBXGroup;
			children = (
				1A9BC8C1144C9C0300F00E7C /* UIKit.framework */,
				1A9BC8C3144C9C0300F00E7C /* Foundation.framework */,
				1A9BC8C5144C9C0300F00E7C /* CoreGraphics.framework */,
			);
			name = Frameworks;
			sourceTree = "<group>";
		};
		1A9BC8C7144C9C0300F00E7C /* iOrganizeMyLife */ = {
			isa = PBXGroup;
			children = (
				1A9BC8D0144C9C0300F00E7C /* PBIAppDelegate.h */,
				1A9BC8D1144C9C0300F00E7C /* PBIAppDelegate.m */,
				1A9BC8D3144C9C0300F00E7C /* MainStoryboard_iPhone.storyboard */,
				1A9BC8D6144C9C0300F00E7C /* MainStoryboard_iPad.storyboard */,
				1A9BC8D9144C9C0300F00E7C /* PBIFirstViewController.h */,
				1A9BC8DA144C9C0300F00E7C /* PBIFirstViewController.m */,
				1A9BC8DC144C9C0300F00E7C /* first.png */,
				1A9BC8DE144C9C0300F00E7C /* first@2x.png */,
				1A9BC8E0144C9C0300F00E7C /* PBISecondViewController.h */,
				1A9BC8E1144C9C0300F00E7C /* PBISecondViewController.m */,
				1A9BC8E3144C9C0300F00E7C /* second.png */,
				1A9BC8E5144C9C0300F00E7C /* second@2x.png */,
				1A9BC8C8144C9C0300F00E7C /* Supporting Files */,
			);
			path = iOrganizeMyLife;
			sourceTree = "<group>";
		};
		1A9BC8C8144C9C0300F00E7C /* Supporting Files */ = {
			isa = PBXGroup;
			children = (
				1A9BC8C9144C9C0300F00E7C /* iOrganizeMyLife-Info.plist */,
				1A9BC8CA144C9C0300F00E7C /* InfoPlist.strings */,
				1A9BC8CD144C9C0300F00E7C /* main.m */,
				1A9BC8CF144C9C0300F00E7C /* iOrganizeMyLife-Prefix.pch */,
			);
			name = "Supporting Files";
			sourceTree = "<group>";
		};
/* End PBXGroup section */

/* Begin PBXNativeTarget section */
		1A9BC8BC144C9C0300F00E7C /* iOrganizeMyLife */ = {
			isa = PBXNativeTarget;
			buildConfigurationList = 1A9BC8E9144C9C0300F00E7C /* Build configuration list for PBXNativeTarget "iOrganizeMyLife" */;
			buildPhases = (
				1A9BC8B9144C9C0300F00E7C /* Sources */,
				1A9BC8BA144C9C0300F00E7C /* Frameworks */,
				1A9BC8BB144C9C0300F00E7C /* Resources */,
			);
			buildRules = (
			);
			dependencies = (
			);
			name = iOrganizeMyLife;
			productName = iOrganizeMyLife;
			productReference = 1A9BC8BD144C9C0300F00E7C /* iOrganizeMyLife.app */;
			productType = "com.apple.product-type.application";
		};
/* End PBXNativeTarget section */

/* Begin PBXProject section */
		1A9BC8B4144C9C0300F00E7C /* Project object */ = {
			isa = PBXProject;
			attributes = {
				LastUpgradeCheck = 0420;
				ORGANIZATIONNAME = "Pencil Busters, Inc";
			};
			buildConfigurationList = 1A9BC8B7144C9C0300F00E7C /* Build configuration list for PBXProject "iOrganizeMyLife" */;
			compatibilityVersion = "Xcode 3.2";
			developmentRegion = English;
			hasScannedForEncodings = 0;
			knownRegions = (
				en,
			);
			mainGroup = 1A9BC8B2144C9C0300F00E7C;
			productRefGroup = 1A9BC8BE144C9C0300F00E7C /* Products */;
			projectDirPath = "";
			projectRoot = "";
			targets = (
				1A9BC8BC144C9C0300F00E7C /* iOrganizeMyLife */,
			);
		};
/* End PBXProject section */

/* Begin PBXResourcesBuildPhase section */
		1A9BC8BB144C9C0300F00E7C /* Resources */ = {
			isa = PBXResourcesBuildPhase;
			buildActionMask = 2147483647;
			files = (
				1A9BC8CC144C9C0300F00E7C /* InfoPlist.strings in Resources */,
				1A9BC8D5144C9C0300F00E7C /* MainStoryboard_iPhone.storyboard in Resources */,
				1A9BC8D8144C9C0300F00E7C /* MainStoryboard_iPad.storyboard in Resources */,
				1A9BC8DD144C9C0300F00E7C /* first.png in Resources */,
				1A9BC8DF144C9C0300F00E7C /* first@2x.png in Resources */,
				1A9BC8E4144C9C0300F00E7C /* second.png in Resources */,
				1A9BC8E6144C9C0300F00E7C /* second@2x.png in Resources */,
			);
			runOnlyForDeploymentPostprocessing = 0;
		};
/* End PBXResourcesBuildPhase section */

/* Begin PBXSourcesBuildPhase section */
		1A9BC8B9144C9C0300F00E7C /* Sources */ = {
			isa = PBXSourcesBuildPhase;
			buildActionMask = 2147483647;
			files = (
				1A9BC8CE144C9C0300F00E7C /* main.m in Sources */,
				1A9BC8D2144C9C0300F00E7C /* PBIAppDelegate.m in Sources */,
				1A9BC8DB144C9C0300F00E7C /* PBIFirstViewController.m in Sources */,
				1A9BC8E2144C9C0300F00E7C /* PBISecondViewController.m in Sources */,
			);
			runOnlyForDeploymentPostprocessing = 0;
		};
/* End PBXSourcesBuildPhase section */

/* Begin PBXVariantGroup section */
		1A9BC8CA144C9C0300F00E7C /* InfoPlist.strings */ = {
			isa = PBXVariantGroup;
			children = (
				1A9BC8CB144C9C0300F00E7C /* en */,
			);
			name = InfoPlist.strings;
			sourceTree = "<group>";
		};
		1A9BC8D3144C9C0300F00E7C /* MainStoryboard_iPhone.storyboard */ = {
			isa = PBXVariantGroup;
			children = (
				1A9BC8D4144C9C0300F00E7C /* en */,
			);
			name = MainStoryboard_iPhone.storyboard;
			sourceTree = "<group>";
		};
		1A9BC8D6144C9C0300F00E7C /* MainStoryboard_iPad.storyboard */ = {
			isa = PBXVariantGroup;
			children = (
				1A9BC8D7144C9C0300F00E7C /* en */,
			);
			name = MainStoryboard_iPad.storyboard;
			sourceTree = "<group>";
		};
/* End PBXVariantGroup section */

/* Begin XCBuildConfiguration section */
		1A9BC8E7144C9C0300F00E7C /* Debug */ = {
			isa = XCBuildConfiguration;
			buildSettings = {
				ALWAYS_SEARCH_USER_PATHS = NO;
				ARCHS = "$(ARCHS_STANDARD_32_BIT)";
				CLANG_ENABLE_OBJC_ARC = YES;
				"CODE_SIGN_IDENTITY[sdk=iphoneos*]" = "iPhone Developer";
				COPY_PHASE_STRIP = NO;
				GCC_C_LANGUAGE_STANDARD = gnu99;
				GCC_DYNAMIC_NO_PIC = NO;
				GCC_OPTIMIZATION_LEVEL = 0;
				GCC_PREPROCESSOR_DEFINITIONS = (
					"DEBUG=1",
					"$(inherited)",
				);
				GCC_SYMBOLS_PRIVATE_EXTERN = NO;
				GCC_VERSION = com.apple.compilers.llvm.clang.1_0;
				GCC_WARN_ABOUT_MISSING_PROTOTYPES = YES;
				GCC_WARN_ABOUT_RETURN_TYPE = YES;
				GCC_WARN_UNUSED_VARIABLE = YES;
				IPHONEOS_DEPLOYMENT_TARGET = 5.0;
				SDKROOT = iphoneos;
				TARGETED_DEVICE_FAMILY = "1,2";
			};
			name = Debug;
		};
		1A9BC8E8144C9C0300F00E7C /* Release */ = {
			isa = XCBuildConfiguration;
			buildSettings = {
				ALWAYS_SEARCH_USER_PATHS = NO;
				ARCHS = "$(ARCHS_STANDARD_32_BIT)";
				CLANG_ENABLE_OBJC_ARC = YES;
				"CODE_SIGN_IDENTITY[sdk=iphoneos*]" = "iPhone Developer";
				COPY_PHASE_STRIP = YES;
				GCC_C_LANGUAGE_STANDARD = gnu99;
				GCC_VERSION = com.apple.compilers.llvm.clang.1_0;
				GCC_WARN_ABOUT_MISSING_PROTOTYPES = YES;
				GCC_WARN_ABOUT_RETURN_TYPE = YES;
				GCC_WARN_UNUSED_VARIABLE = YES;
				IPHONEOS_DEPLOYMENT_TARGET = 5.0;
				OTHER_CFLAGS = "-DNS_BLOCK_ASSERTIONS=1";
				SDKROOT = iphoneos;
				TARGETED_DEVICE_FAMILY = "1,2";
				VALIDATE_PRODUCT = YES;
			};
			name = Release;
		};
		1A9BC8EA144C9C0300F00E7C /* Debug */ = {
			isa = XCBuildConfiguration;
			buildSettings = {
				GCC_PRECOMPILE_PREFIX_HEADER = YES;
				GCC_PREFIX_HEADER = "iOrganizeMyLife/iOrganizeMyLife-Prefix.pch";
				INFOPLIST_FILE = "iOrganizeMyLife/iOrganizeMyLife-Info.plist";
				PRODUCT_NAME = "$(TARGET_NAME)";
				WRAPPER_EXTENSION = app;
			};
			name = Debug;
		};
		1A9BC8EB144C9C0300F00E7C /* Release */ = {
			isa = XCBuildConfiguration;
			buildSettings = {
				GCC_PRECOMPILE_PREFIX_HEADER = YES;
				GCC_PREFIX_HEADER = "iOrganizeMyLife/iOrganizeMyLife-Prefix.pch";
				INFOPLIST_FILE = "iOrganizeMyLife/iOrganizeMyLife-Info.plist";
				PRODUCT_NAME = "$(TARGET_NAME)";
				WRAPPER_EXTENSION = app;
			};
			name = Release;
		};
/* End XCBuildConfiguration section */

/* Begin XCConfigurationList section */
		1A9BC8B7144C9C0300F00E7C /* Build configuration list for PBXProject "iOrganizeMyLife" */ = {
			isa = XCConfigurationList;
			buildConfigurations = (
				1A9BC8E7144C9C0300F00E7C /* Debug */,
				1A9BC8E8144C9C0300F00E7C /* Release */,
			);
			defaultConfigurationIsVisible = 0;
			defaultConfigurationName = Release;
		};
		1A9BC8E9144C9C0300F00E7C /* Build configuration list for PBXNativeTarget "iOrganizeMyLife" */ = {
			isa = XCConfigurationList;
			buildConfigurations = (
				1A9BC8EA144C9C0300F00E7C /* Debug */,
				1A9BC8EB144C9C0300F00E7C /* Release */,
			);
			defaultConfigurationIsVisible = 0;
		};
/* End XCConfigurationList section */
	};
	rootObject = 1A9BC8B4144C9C0300F00E7C /* Project object */;
}
